
Microsoft Visual Studio Solution File, Format Version 12.00
# Visual Studio Version 17
VisualStudioVersion = 17.11.35312.102
MinimumVisualStudioVersion = 10.0.40219.1
Project("{9A19103F-16F7-4668-BE54-9A1E7A4F7556}") = "MySQLiteApi", "MySQLiteApi\MySQLiteApi.csproj", "{941B9D18-AE5B-4A5D-9CF2-C02E55A40E95}"
EndProject
Global
	GlobalSection(SolutionConfigurationPlatforms) = preSolution
		Debug|Any CPU = Debug|Any CPU
		Release|Any CPU = Release|Any CPU
	EndGlobalSection
	GlobalSection(ProjectConfigurationPlatforms) = postSolution
		{941B9D18-AE5B-4A5D-9CF2-C02E55A40E95}.Debug|Any CPU.ActiveCfg = Debug|Any CPU
		{941B9D18-AE5B-4A5D-9CF2-C02E55A40E95}.Debug|Any CPU.Build.0 = Debug|Any CPU
		{941B9D18-AE5B-4A5D-9CF2-C02E55A40E95}.Release|Any CPU.ActiveCfg = Release|Any CPU
		{941B9D18-AE5B-4A5D-9CF2-C02E55A40E95}.Release|Any CPU.Build.0 = Release|Any CPU
	EndGlobalSection
	GlobalSection(SolutionProperties) = preSolution
		HideSolutionNode = FALSE
	EndGlobalSection
	GlobalSection(ExtensibilityGlobals) = postSolution
		SolutionGuid = {A1E978AA-CD4C-43D1-A14A-541837D4D817}
	EndGlobalSection
EndGlobal
